// !$*UTF8*$!
{
	archiveVersion = 1;
	classes = {
	};
	objectVersion = 50;
	objects = {

/* Begin PBXBuildFile section */
		115EF2EC21AF7AC4002AAFC4 /* AppDelegate.m in Sources */ = {isa = PBXBuildFile; fileRef = 115EF2EB21AF7AC4002AAFC4 /* AppDelegate.m */; };
		115EF2F221AF7AC4002AAFC4 /* Main.storyboard in Resources */ = {isa = PBXBuildFile; fileRef = 115EF2F021AF7AC4002AAFC4 /* Main.storyboard */; };
		115EF2F421AF7AC5002AAFC4 /* Assets.xcassets in Resources */ = {isa = PBXBuildFile; fileRef = 115EF2F321AF7AC5002AAFC4 /* Assets.xcassets */; };
		115EF2F721AF7AC5002AAFC4 /* LaunchScreen.storyboard in Resources */ = {isa = PBXBuildFile; fileRef = 115EF2F521AF7AC5002AAFC4 /* LaunchScreen.storyboard */; };
		115EF2FA21AF7AC5002AAFC4 /* main.m in Sources */ = {isa = PBXBuildFile; fileRef = 115EF2F921AF7AC5002AAFC4 /* main.m */; };
		115EF30921AF7B09002AAFC4 /* YUCustomHeaderView.m in Sources */ = {isa = PBXBuildFile; fileRef = 115EF30321AF7B09002AAFC4 /* YUCustomHeaderView.m */; };
		115EF30A21AF7B09002AAFC4 /* FoldingViewController.m in Sources */ = {isa = PBXBuildFile; fileRef = 115EF30521AF7B09002AAFC4 /* FoldingViewController.m */; };
		115EF30B21AF7B09002AAFC4 /* YUTestViewController.m in Sources */ = {isa = PBXBuildFile; fileRef = 115EF30621AF7B09002AAFC4 /* YUTestViewController.m */; };
		115EF30C21AF7B09002AAFC4 /* YUCustomTestController.m in Sources */ = {isa = PBXBuildFile; fileRef = 115EF30721AF7B09002AAFC4 /* YUCustomTestController.m */; };
		115EF31121AF7B45002AAFC4 /* YUFoldingSectionHeader.m in Sources */ = {isa = PBXBuildFile; fileRef = 115EF30E21AF7B45002AAFC4 /* YUFoldingSectionHeader.m */; };
		115EF31221AF7B45002AAFC4 /* YUFoldingTableView.m in Sources */ = {isa = PBXBuildFile; fileRef = 115EF31021AF7B45002AAFC4 /* YUFoldingTableView.m */; };
		115EF31821AF7F55002AAFC4 /* UITableView+HYBCacheHeight.m in Sources */ = {isa = PBXBuildFile; fileRef = 115EF31521AF7F55002AAFC4 /* UITableView+HYBCacheHeight.m */; };
		115EF31921AF7F55002AAFC4 /* UITableViewCell+HYBMasonryAutoCellHeight.m in Sources */ = {isa = PBXBuildFile; fileRef = 115EF31721AF7F55002AAFC4 /* UITableViewCell+HYBMasonryAutoCellHeight.m */; };
		115EF32021AF807C002AAFC4 /* SongsCollectionViewController.m in Sources */ = {isa = PBXBuildFile; fileRef = 115EF31F21AF807C002AAFC4 /* SongsCollectionViewController.m */; };
		115EF32321AF80A5002AAFC4 /* SongTableViewCell.m in Sources */ = {isa = PBXBuildFile; fileRef = 115EF32221AF80A5002AAFC4 /* SongTableViewCell.m */; };
		115EF32621AF820F002AAFC4 /* Song.m in Sources */ = {isa = PBXBuildFile; fileRef = 115EF32521AF820F002AAFC4 /* Song.m */; };
		115EF32921AF8274002AAFC4 /* SongViewModel.m in Sources */ = {isa = PBXBuildFile; fileRef = 115EF32821AF8274002AAFC4 /* SongViewModel.m */; };
		11AD2F0621AFC08000B8CFF5 /* Simulator Screen Shot - iPhone Xs Max - 2018-11-29 at 14.36.14.png in Resources */ = {isa = PBXBuildFile; fileRef = 11AD2F0521AFC08000B8CFF5 /* Simulator Screen Shot - iPhone Xs Max - 2018-11-29 at 14.36.14.png */; };
		11AD2F0821AFC08700B8CFF5 /* Simulator Screen Shot - iPhone Xs Max - 2018-11-29 at 14.36.18.png in Resources */ = {isa = PBXBuildFile; fileRef = 11AD2F0721AFC08700B8CFF5 /* Simulator Screen Shot - iPhone Xs Max - 2018-11-29 at 14.36.18.png */; };
		11D5C70621AF8A900088369E /* SongHeaderView.m in Sources */ = {isa = PBXBuildFile; fileRef = 11D5C70521AF8A900088369E /* SongHeaderView.m */; };
		D4862A9FA277F19E29034EC6 /* Pods_FoldTableDemo.framework in Frameworks */ = {isa = PBXBuildFile; fileRef = DCE2AAEF72F3C6B29409913E /* Pods_FoldTableDemo.framework */; };
/* End PBXBuildFile section */

/* Begin PBXFileReference section */
		115EF2E721AF7AC4002AAFC4 /* FoldTableDemo.app */ = {isa = PBXFileReference; explicitFileType = wrapper.application; includeInIndex = 0; path = FoldTableDemo.app; sourceTree = BUILT_PRODUCTS_DIR; };
		115EF2EA21AF7AC4002AAFC4 /* AppDelegate.h */ = {isa = PBXFileReference; lastKnownFileType = sourcecode.c.h; path = AppDelegate.h; sourceTree = "<group>"; };
		115EF2EB21AF7AC4002AAFC4 /* AppDelegate.m */ = {isa = PBXFileReference; lastKnownFileType = sourcecode.c.objc; path = AppDelegate.m; sourceTree = "<group>"; };
		115EF2F121AF7AC4002AAFC4 /* Base */ = {isa = PBXFileReference; lastKnownFileType = file.storyboard; name = Base; path = Base.lproj/Main.storyboard; sourceTree = "<group>"; };
		115EF2F321AF7AC5002AAFC4 /* Assets.xcassets */ = {isa = PBXFileReference; lastKnownFileType = folder.assetcatalog; path = Assets.xcassets; sourceTree = "<group>"; };
		115EF2F621AF7AC5002AAFC4 /* Base */ = {isa = PBXFileReference; lastKnownFileType = file.storyboard; name = Base; path = Base.lproj/LaunchScreen.storyboard; sourceTree = "<group>"; };
		115EF2F821AF7AC5002AAFC4 /* Info.plist */ = {isa = PBXFileReference; lastKnownFileType = text.plist.xml; path = Info.plist; sourceTree = "<group>"; };
		115EF2F921AF7AC5002AAFC4 /* main.m */ = {isa = PBXFileReference; lastKnownFileType = sourcecode.c.objc; path = main.m; sourceTree = "<group>"; };
		115EF30121AF7B09002AAFC4 /* YUCustomHeaderView.h */ = {isa = PBXFileReference; fileEncoding = 4; lastKnownFileType = sourcecode.c.h; path = YUCustomHeaderView.h; sourceTree = "<group>"; };
		115EF30221AF7B09002AAFC4 /* YUCustomTestController.h */ = {isa = PBXFileReference; fileEncoding = 4; lastKnownFileType = sourcecode.c.h; path = YUCustomTestController.h; sourceTree = "<group>"; };
		115EF30321AF7B09002AAFC4 /* YUCustomHeaderView.m */ = {isa = PBXFileReference; fileEncoding = 4; lastKnownFileType = sourcecode.c.objc; path = YUCustomHeaderView.m; sourceTree = "<group>"; };
		115EF30421AF7B09002AAFC4 /* FoldingViewController.h */ = {isa = PBXFileReference; fileEncoding = 4; lastKnownFileType = sourcecode.c.h; path = FoldingViewController.h; sourceTree = "<group>"; };
		115EF30521AF7B09002AAFC4 /* FoldingViewController.m */ = {isa = PBXFileReference; fileEncoding = 4; lastKnownFileType = sourcecode.c.objc; path = FoldingViewController.m; sourceTree = "<group>"; };
		115EF30621AF7B09002AAFC4 /* YUTestViewController.m */ = {isa = PBXFileReference; fileEncoding = 4; lastKnownFileType = sourcecode.c.objc; path = YUTestViewController.m; sourceTree = "<group>"; };
		115EF30721AF7B09002AAFC4 /* YUCustomTestController.m */ = {isa = PBXFileReference; fileEncoding = 4; lastKnownFileType = sourcecode.c.objc; path = YUCustomTestController.m; sourceTree = "<group>"; };
		115EF30821AF7B09002AAFC4 /* YUTestViewController.h */ = {isa = PBXFileReference; fileEncoding = 4; lastKnownFileType = sourcecode.c.h; path = YUTestViewController.h; sourceTree = "<group>"; };
		115EF30D21AF7B45002AAFC4 /* YUFoldingTableView.h */ = {isa = PBXFileReference; fileEncoding = 4; lastKnownFileType = sourcecode.c.h; path = YUFoldingTableView.h; sourceTree = "<group>"; };
		115EF30E21AF7B45002AAFC4 /* YUFoldingSectionHeader.m */ = {isa = PBXFileReference; fileEncoding = 4; lastKnownFileType = sourcecode.c.objc; path = YUFoldingSectionHeader.m; sourceTree = "<group>"; };
		115EF30F21AF7B45002AAFC4 /* YUFoldingSectionHeader.h */ = {isa = PBXFileReference; fileEncoding = 4; lastKnownFileType = sourcecode.c.h; path = YUFoldingSectionHeader.h; sourceTree = "<group>"; };
		115EF31021AF7B45002AAFC4 /* YUFoldingTableView.m */ = {isa = PBXFileReference; fileEncoding = 4; lastKnownFileType = sourcecode.c.objc; path = YUFoldingTableView.m; sourceTree = "<group>"; };
		115EF31421AF7F55002AAFC4 /* UITableViewCell+HYBMasonryAutoCellHeight.h */ = {isa = PBXFileReference; fileEncoding = 4; lastKnownFileType = sourcecode.c.h; path = "UITableViewCell+HYBMasonryAutoCellHeight.h"; sourceTree = "<group>"; };
		115EF31521AF7F55002AAFC4 /* UITableView+HYBCacheHeight.m */ = {isa = PBXFileReference; fileEncoding = 4; lastKnownFileType = sourcecode.c.objc; path = "UITableView+HYBCacheHeight.m"; sourceTree = "<group>"; };
		115EF31621AF7F55002AAFC4 /* UITableView+HYBCacheHeight.h */ = {isa = PBXFileReference; fileEncoding = 4; lastKnownFileType = sourcecode.c.h; path = "UITableView+HYBCacheHeight.h"; sourceTree = "<group>"; };
		115EF31721AF7F55002AAFC4 /* UITableViewCell+HYBMasonryAutoCellHeight.m */ = {isa = PBXFileReference; fileEncoding = 4; lastKnownFileType = sourcecode.c.objc; path = "UITableViewCell+HYBMasonryAutoCellHeight.m"; sourceTree = "<group>"; };
		115EF31E21AF807C002AAFC4 /* SongsCollectionViewController.h */ = {isa = PBXFileReference; lastKnownFileType = sourcecode.c.h; path = SongsCollectionViewController.h; sourceTree = "<group>"; };
		115EF31F21AF807C002AAFC4 /* SongsCollectionViewController.m */ = {isa = PBXFileReference; lastKnownFileType = sourcecode.c.objc; path = SongsCollectionViewController.m; sourceTree = "<group>"; };
		115EF32121AF80A5002AAFC4 /* SongTableViewCell.h */ = {isa = PBXFileReference; lastKnownFileType = sourcecode.c.h; path = SongTableViewCell.h; sourceTree = "<group>"; };
		115EF32221AF80A5002AAFC4 /* SongTableViewCell.m */ = {isa = PBXFileReference; lastKnownFileType = sourcecode.c.objc; path = SongTableViewCell.m; sourceTree = "<group>"; };
		115EF32421AF820F002AAFC4 /* Song.h */ = {isa = PBXFileReference; lastKnownFileType = sourcecode.c.h; path = Song.h; sourceTree = "<group>"; };
		115EF32521AF820F002AAFC4 /* Song.m */ = {isa = PBXFileReference; lastKnownFileType = sourcecode.c.objc; path = Song.m; sourceTree = "<group>"; };
		115EF32721AF8274002AAFC4 /* SongViewModel.h */ = {isa = PBXFileReference; lastKnownFileType = sourcecode.c.h; path = SongViewModel.h; sourceTree = "<group>"; };
		115EF32821AF8274002AAFC4 /* SongViewModel.m */ = {isa = PBXFileReference; lastKnownFileType = sourcecode.c.objc; path = SongViewModel.m; sourceTree = "<group>"; };
		11AD2F0521AFC08000B8CFF5 /* Simulator Screen Shot - iPhone Xs Max - 2018-11-29 at 14.36.14.png */ = {isa = PBXFileReference; lastKnownFileType = image.png; path = "Simulator Screen Shot - iPhone Xs Max - 2018-11-29 at 14.36.14.png"; sourceTree = "<group>"; };
		11AD2F0721AFC08700B8CFF5 /* Simulator Screen Shot - iPhone Xs Max - 2018-11-29 at 14.36.18.png */ = {isa = PBXFileReference; lastKnownFileType = image.png; path = "Simulator Screen Shot - iPhone Xs Max - 2018-11-29 at 14.36.18.png"; sourceTree = "<group>"; };
		11D5C70421AF8A900088369E /* SongHeaderView.h */ = {isa = PBXFileReference; lastKnownFileType = sourcecode.c.h; path = SongHeaderView.h; sourceTree = "<group>"; };
		11D5C70521AF8A900088369E /* SongHeaderView.m */ = {isa = PBXFileReference; lastKnownFileType = sourcecode.c.objc; path = SongHeaderView.m; sourceTree = "<group>"; };
		2148E2D2D08077B83D3A3142 /* Pods-FoldTableDemo.release.xcconfig */ = {isa = PBXFileReference; includeInIndex = 1; lastKnownFileType = text.xcconfig; name = "Pods-FoldTableDemo.release.xcconfig"; path = "Pods/Target Support Files/Pods-FoldTableDemo/Pods-FoldTableDemo.release.xcconfig"; sourceTree = "<group>"; };
		CD0221EF85380340EF7C91D5 /* Pods-FoldTableDemo.debug.xcconfig */ = {isa = PBXFileReference; includeInIndex = 1; lastKnownFileType = text.xcconfig; name = "Pods-FoldTableDemo.debug.xcconfig"; path = "Pods/Target Support Files/Pods-FoldTableDemo/Pods-FoldTableDemo.debug.xcconfig"; sourceTree = "<group>"; };
		DCE2AAEF72F3C6B29409913E /* Pods_FoldTableDemo.framework */ = {isa = PBXFileReference; explicitFileType = wrapper.framework; includeInIndex = 0; path = Pods_FoldTableDemo.framework; sourceTree = BUILT_PRODUCTS_DIR; };
/* End PBXFileReference section */

/* Begin PBXFrameworksBuildPhase section */
		115EF2E421AF7AC4002AAFC4 /* Frameworks */ = {
			isa = PBXFrameworksBuildPhase;
			buildActionMask = 2147483647;
			files = (
				D4862A9FA277F19E29034EC6 /* Pods_FoldTableDemo.framework in Frameworks */,
			);
			runOnlyForDeploymentPostprocessing = 0;
		};
/* End PBXFrameworksBuildPhase section */

/* Begin PBXGroup section */
		115EF2DE21AF7AC4002AAFC4 = {
			isa = PBXGroup;
			children = (
				115EF2E921AF7AC4002AAFC4 /* FoldTableDemo */,
				115EF2E821AF7AC4002AAFC4 /* Products */,
				95338DC4388037406BD8477E /* Pods */,
				FE31ADA8896ECFBA367C7A24 /* Frameworks */,
			);
			sourceTree = "<group>";
		};
		115EF2E821AF7AC4002AAFC4 /* Products */ = {
			isa = PBXGroup;
			children = (
				115EF2E721AF7AC4002AAFC4 /* FoldTableDemo.app */,
			);
			name = Products;
			sourceTree = "<group>";
		};
		115EF2E921AF7AC4002AAFC4 /* FoldTableDemo */ = {
			isa = PBXGroup;
			children = (
				11AD2F0421AFC07300B8CFF5 /* 截图 */,
				115EF31321AF7F44002AAFC4 /* HYBMasonryAutoCellHeight */,
				115EF30021AF7AEB002AAFC4 /* GGFoldTable */,
				115EF31D21AF7FFB002AAFC4 /* model */,
				115EF31B21AF7FE5002AAFC4 /* viewmodel */,
				115EF31C21AF7FEF002AAFC4 /* view */,
				115EF31A21AF7FDD002AAFC4 /* vc */,
				115EF2EA21AF7AC4002AAFC4 /* AppDelegate.h */,
				115EF2EB21AF7AC4002AAFC4 /* AppDelegate.m */,
				115EF2F021AF7AC4002AAFC4 /* Main.storyboard */,
				115EF2F321AF7AC5002AAFC4 /* Assets.xcassets */,
				115EF2F521AF7AC5002AAFC4 /* LaunchScreen.storyboard */,
				115EF2F821AF7AC5002AAFC4 /* Info.plist */,
				115EF2F921AF7AC5002AAFC4 /* main.m */,
			);
			path = FoldTableDemo;
			sourceTree = "<group>";
		};
		115EF30021AF7AEB002AAFC4 /* GGFoldTable */ = {
			isa = PBXGroup;
			children = (
				115EF30F21AF7B45002AAFC4 /* YUFoldingSectionHeader.h */,
				115EF30E21AF7B45002AAFC4 /* YUFoldingSectionHeader.m */,
				115EF30D21AF7B45002AAFC4 /* YUFoldingTableView.h */,
				115EF31021AF7B45002AAFC4 /* YUFoldingTableView.m */,
				115EF30421AF7B09002AAFC4 /* FoldingViewController.h */,
				115EF30521AF7B09002AAFC4 /* FoldingViewController.m */,
				115EF30121AF7B09002AAFC4 /* YUCustomHeaderView.h */,
				115EF30321AF7B09002AAFC4 /* YUCustomHeaderView.m */,
				115EF30221AF7B09002AAFC4 /* YUCustomTestController.h */,
				115EF30721AF7B09002AAFC4 /* YUCustomTestController.m */,
				115EF30821AF7B09002AAFC4 /* YUTestViewController.h */,
				115EF30621AF7B09002AAFC4 /* YUTestViewController.m */,
			);
			path = GGFoldTable;
			sourceTree = "<group>";
		};
		115EF31321AF7F44002AAFC4 /* HYBMasonryAutoCellHeight */ = {
			isa = PBXGroup;
			children = (
				115EF31621AF7F55002AAFC4 /* UITableView+HYBCacheHeight.h */,
				115EF31521AF7F55002AAFC4 /* UITableView+HYBCacheHeight.m */,
				115EF31421AF7F55002AAFC4 /* UITableViewCell+HYBMasonryAutoCellHeight.h */,
				115EF31721AF7F55002AAFC4 /* UITableViewCell+HYBMasonryAutoCellHeight.m */,
			);
			path = HYBMasonryAutoCellHeight;
			sourceTree = "<group>";
		};
		115EF31A21AF7FDD002AAFC4 /* vc */ = {
			isa = PBXGroup;
			children = (
				115EF31E21AF807C002AAFC4 /* SongsCollectionViewController.h */,
				115EF31F21AF807C002AAFC4 /* SongsCollectionViewController.m */,
			);
			path = vc;
			sourceTree = "<group>";
		};
		115EF31B21AF7FE5002AAFC4 /* viewmodel */ = {
			isa = PBXGroup;
			children = (
				115EF32721AF8274002AAFC4 /* SongViewModel.h */,
				115EF32821AF8274002AAFC4 /* SongViewModel.m */,
			);
			path = viewmodel;
			sourceTree = "<group>";
		};
		115EF31C21AF7FEF002AAFC4 /* view */ = {
			isa = PBXGroup;
			children = (
				11D5C70421AF8A900088369E /* SongHeaderView.h */,
				11D5C70521AF8A900088369E /* SongHeaderView.m */,
				115EF32121AF80A5002AAFC4 /* SongTableViewCell.h */,
				115EF32221AF80A5002AAFC4 /* SongTableViewCell.m */,
			);
			path = view;
			sourceTree = "<group>";
		};
		115EF31D21AF7FFB002AAFC4 /* model */ = {
			isa = PBXGroup;
			children = (
				115EF32421AF820F002AAFC4 /* Song.h */,
				115EF32521AF820F002AAFC4 /* Song.m */,
			);
			path = model;
			sourceTree = "<group>";
		};
		11AD2F0421AFC07300B8CFF5 /* 截图 */ = {
			isa = PBXGroup;
			children = (
				11AD2F0521AFC08000B8CFF5 /* Simulator Screen Shot - iPhone Xs Max - 2018-11-29 at 14.36.14.png */,
				11AD2F0721AFC08700B8CFF5 /* Simulator Screen Shot - iPhone Xs Max - 2018-11-29 at 14.36.18.png */,
			);
			path = "截图";
			sourceTree = "<group>";
		};
		95338DC4388037406BD8477E /* Pods */ = {
			isa = PBXGroup;
			children = (
				CD0221EF85380340EF7C91D5 /* Pods-FoldTableDemo.debug.xcconfig */,
				2148E2D2D08077B83D3A3142 /* Pods-FoldTableDemo.release.xcconfig */,
			);
			name = Pods;
			sourceTree = "<group>";
		};
		FE31ADA8896ECFBA367C7A24 /* Frameworks */ = {
			isa = PBXGroup;
			children = (
				DCE2AAEF72F3C6B29409913E /* Pods_FoldTableDemo.framework */,
			);
			name = Frameworks;
			sourceTree = "<group>";
		};
/* End PBXGroup section */

/* Begin PBXNativeTarget section */
		115EF2E621AF7AC4002AAFC4 /* FoldTableDemo */ = {
			isa = PBXNativeTarget;
			buildConfigurationList = 115EF2FD21AF7AC5002AAFC4 /* Build configuration list for PBXNativeTarget "FoldTableDemo" */;
			buildPhases = (
				C67C6DB8B3DF84328F4D6C79 /* [CP] Check Pods Manifest.lock */,
				115EF2E321AF7AC4002AAFC4 /* Sources */,
				115EF2E421AF7AC4002AAFC4 /* Frameworks */,
				115EF2E521AF7AC4002AAFC4 /* Resources */,
				90A5FC973E72B72A2E9BC1AC /* [CP] Embed Pods Frameworks */,
			);
			buildRules = (
			);
			dependencies = (
			);
			name = FoldTableDemo;
			productName = FoldTableDemo;
			productReference = 115EF2E721AF7AC4002AAFC4 /* FoldTableDemo.app */;
			productType = "com.apple.product-type.application";
		};
/* End PBXNativeTarget section */

/* Begin PBXProject section */
		115EF2DF21AF7AC4002AAFC4 /* Project object */ = {
			isa = PBXProject;
			attributes = {
				LastUpgradeCheck = 1010;
				ORGANIZATIONNAME = huangping;
				TargetAttributes = {
					115EF2E621AF7AC4002AAFC4 = {
						CreatedOnToolsVersion = 10.1;
					};
				};
			};
			buildConfigurationList = 115EF2E221AF7AC4002AAFC4 /* Build configuration list for PBXProject "FoldTableDemo" */;
			compatibilityVersion = "Xcode 9.3";
			developmentRegion = en;
			hasScannedForEncodings = 0;
			knownRegions = (
				en,
				Base,
			);
			mainGroup = 115EF2DE21AF7AC4002AAFC4;
			productRefGroup = 115EF2E821AF7AC4002AAFC4 /* Products */;
			projectDirPath = "";
			projectRoot = "";
			targets = (
				115EF2E621AF7AC4002AAFC4 /* FoldTableDemo */,
			);
		};
/* End PBXProject section */

/* Begin PBXResourcesBuildPhase section */
		115EF2E521AF7AC4002AAFC4 /* Resources */ = {
			isa = PBXResourcesBuildPhase;
			buildActionMask = 2147483647;
			files = (
				115EF2F721AF7AC5002AAFC4 /* LaunchScreen.storyboard in Resources */,
				115EF2F421AF7AC5002AAFC4 /* Assets.xcassets in Resources */,
				11AD2F0821AFC08700B8CFF5 /* Simulator Screen Shot - iPhone Xs Max - 2018-11-29 at 14.36.18.png in Resources */,
				115EF2F221AF7AC4002AAFC4 /* Main.storyboard in Resources */,
				11AD2F0621AFC08000B8CFF5 /* Simulator Screen Shot - iPhone Xs Max - 2018-11-29 at 14.36.14.png in Resources */,
			);
			runOnlyForDeploymentPostprocessing = 0;
		};
/* End PBXResourcesBuildPhase section */

/* Begin PBXShellScriptBuildPhase section */
		90A5FC973E72B72A2E9BC1AC /* [CP] Embed Pods Frameworks */ = {
			isa = PBXShellScriptBuildPhase;
			buildActionMask = 2147483647;
			files = (
			);
			inputPaths = (
				"${SRCROOT}/Pods/Target Support Files/Pods-FoldTableDemo/Pods-FoldTableDemo-frameworks.sh",
				"${BUILT_PRODUCTS_DIR}/AFNetworking/AFNetworking.framework",
				"${BUILT_PRODUCTS_DIR}/HJNetwork/HJNetwork.framework",
				"${BUILT_PRODUCTS_DIR}/IQKeyboardManager/IQKeyboardManager.framework",
				"${BUILT_PRODUCTS_DIR}/MJExtension/MJExtension.framework",
				"${BUILT_PRODUCTS_DIR}/MJRefresh/MJRefresh.framework",
				"${BUILT_PRODUCTS_DIR}/Masonry/Masonry.framework",
				"${BUILT_PRODUCTS_DIR}/RSKImageCropper/RSKImageCropper.framework",
				"${BUILT_PRODUCTS_DIR}/ReactiveObjC/ReactiveObjC.framework",
				"${BUILT_PRODUCTS_DIR}/RealReachability/RealReachability.framework",
				"${BUILT_PRODUCTS_DIR}/SDWebImage/SDWebImage.framework",
				"${BUILT_PRODUCTS_DIR}/SVProgressHUD/SVProgressHUD.framework",
				"${BUILT_PRODUCTS_DIR}/UIImage+ImageCompress/UIImage_ImageCompress.framework",
				"${BUILT_PRODUCTS_DIR}/YYCache/YYCache.framework",
				"${BUILT_PRODUCTS_DIR}/ZYCornerRadius/ZYCornerRadius.framework",
			);
			name = "[CP] Embed Pods Frameworks";
			outputPaths = (
				"${TARGET_BUILD_DIR}/${FRAMEWORKS_FOLDER_PATH}/AFNetworking.framework",
				"${TARGET_BUILD_DIR}/${FRAMEWORKS_FOLDER_PATH}/HJNetwork.framework",
				"${TARGET_BUILD_DIR}/${FRAMEWORKS_FOLDER_PATH}/IQKeyboardManager.framework",
				"${TARGET_BUILD_DIR}/${FRAMEWORKS_FOLDER_PATH}/MJExtension.framework",
				"${TARGET_BUILD_DIR}/${FRAMEWORKS_FOLDER_PATH}/MJRefresh.framework",
				"${TARGET_BUILD_DIR}/${FRAMEWORKS_FOLDER_PATH}/Masonry.framework",
				"${TARGET_BUILD_DIR}/${FRAMEWORKS_FOLDER_PATH}/RSKImageCropper.framework",
				"${TARGET_BUILD_DIR}/${FRAMEWORKS_FOLDER_PATH}/ReactiveObjC.framework",
				"${TARGET_BUILD_DIR}/${FRAMEWORKS_FOLDER_PATH}/RealReachability.framework",
				"${TARGET_BUILD_DIR}/${FRAMEWORKS_FOLDER_PATH}/SDWebImage.framework",
				"${TARGET_BUILD_DIR}/${FRAMEWORKS_FOLDER_PATH}/SVProgressHUD.framework",
				"${TARGET_BUILD_DIR}/${FRAMEWORKS_FOLDER_PATH}/UIImage_ImageCompress.framework",
				"${TARGET_BUILD_DIR}/${FRAMEWORKS_FOLDER_PATH}/YYCache.framework",
				"${TARGET_BUILD_DIR}/${FRAMEWORKS_FOLDER_PATH}/ZYCornerRadius.framework",
			);
			runOnlyForDeploymentPostprocessing = 0;
			shellPath = /bin/sh;
			shellScript = "\"${SRCROOT}/Pods/Target Support Files/Pods-FoldTableDemo/Pods-FoldTableDemo-frameworks.sh\"\n";
			showEnvVarsInLog = 0;
		};
		C67C6DB8B3DF84328F4D6C79 /* [CP] Check Pods Manifest.lock */ = {
			isa = PBXShellScriptBuildPhase;
			buildActionMask = 2147483647;
			files = (
			);
			inputPaths = (
				"${PODS_PODFILE_DIR_PATH}/Podfile.lock",
				"${PODS_ROOT}/Manifest.lock",
			);
			name = "[CP] Check Pods Manifest.lock";
			outputPaths = (
				"$(DERIVED_FILE_DIR)/Pods-FoldTableDemo-checkManifestLockResult.txt",
			);
			runOnlyForDeploymentPostprocessing = 0;
			shellPath = /bin/sh;
			shellScript = "diff \"${PODS_PODFILE_DIR_PATH}/Podfile.lock\" \"${PODS_ROOT}/Manifest.lock\" > /dev/null\nif [ $? != 0 ] ; then\n    # print error to STDERR\n    echo \"error: The sandbox is not in sync with the Podfile.lock. Run 'pod install' or update your CocoaPods installation.\" >&2\n    exit 1\nfi\n# This output is used by Xcode 'outputs' to avoid re-running this script phase.\necho \"SUCCESS\" > \"${SCRIPT_OUTPUT_FILE_0}\"\n";
			showEnvVarsInLog = 0;
		};
/* End PBXShellScriptBuildPhase section */

/* Begin PBXSourcesBuildPhase section */
		115EF2E321AF7AC4002AAFC4 /* Sources */ = {
			isa = PBXSourcesBuildPhase;
			buildActionMask = 2147483647;
			files = (
				115EF32621AF820F002AAFC4 /* Song.m in Sources */,
				11D5C70621AF8A900088369E /* SongHeaderView.m in Sources */,
				115EF30A21AF7B09002AAFC4 /* FoldingViewController.m in Sources */,
				115EF30921AF7B09002AAFC4 /* YUCustomHeaderView.m in Sources */,
				115EF31121AF7B45002AAFC4 /* YUFoldingSectionHeader.m in Sources */,
				115EF30B21AF7B09002AAFC4 /* YUTestViewController.m in Sources */,
				115EF31221AF7B45002AAFC4 /* YUFoldingTableView.m in Sources */,
				115EF31921AF7F55002AAFC4 /* UITableViewCell+HYBMasonryAutoCellHeight.m in Sources */,
				115EF32921AF8274002AAFC4 /* SongViewModel.m in Sources */,
				115EF2FA21AF7AC5002AAFC4 /* main.m in Sources */,
				115EF31821AF7F55002AAFC4 /* UITableView+HYBCacheHeight.m in Sources */,
				115EF32321AF80A5002AAFC4 /* SongTableViewCell.m in Sources */,
				115EF2EC21AF7AC4002AAFC4 /* AppDelegate.m in Sources */,
				115EF32021AF807C002AAFC4 /* SongsCollectionViewController.m in Sources */,
				115EF30C21AF7B09002AAFC4 /* YUCustomTestController.m in Sources */,
			);
			runOnlyForDeploymentPostprocessing = 0;
		};
/* End PBXSourcesBuildPhase section */

/* Begin PBXVariantGroup section */
		115EF2F021AF7AC4002AAFC4 /* Main.storyboard */ = {
			isa = PBXVariantGroup;
			children = (
				115EF2F121AF7AC4002AAFC4 /* Base */,
			);
			name = Main.storyboard;
			sourceTree = "<group>";
		};
		115EF2F521AF7AC5002AAFC4 /* LaunchScreen.storyboard */ = {
			isa = PBXVariantGroup;
			children = (
				115EF2F621AF7AC5002AAFC4 /* Base */,
			);
			name = LaunchScreen.storyboard;
			sourceTree = "<group>";
		};
/* End PBXVariantGroup section */

/* Begin XCBuildConfiguration section */
		115EF2FB21AF7AC5002AAFC4 /* Debug */ = {
			isa = XCBuildConfiguration;
			buildSettings = {
				ALWAYS_SEARCH_USER_PATHS = NO;
				CLANG_ANALYZER_NONNULL = YES;
				CLANG_ANALYZER_NUMBER_OBJECT_CONVERSION = YES_AGGRESSIVE;
				CLANG_CXX_LANGUAGE_STANDARD = "gnu++14";
				CLANG_CXX_LIBRARY = "libc++";
				CLANG_ENABLE_MODULES = YES;
				CLANG_ENABLE_OBJC_ARC = YES;
				CLANG_ENABLE_OBJC_WEAK = YES;
				CLANG_WARN_BLOCK_CAPTURE_AUTORELEASING = YES;
				CLANG_WARN_BOOL_CONVERSION = YES;
				CLANG_WARN_COMMA = YES;
				CLANG_WARN_CONSTANT_CONVERSION = YES;
				CLANG_WARN_DEPRECATED_OBJC_IMPLEMENTATIONS = YES;
				CLANG_WARN_DIRECT_OBJC_ISA_USAGE = YES_ERROR;
				CLANG_WARN_DOCUMENTATION_COMMENTS = YES;
				CLANG_WARN_EMPTY_BODY = YES;
				CLANG_WARN_ENUM_CONVERSION = YES;
				CLANG_WARN_INFINITE_RECURSION = YES;
				CLANG_WARN_INT_CONVERSION = YES;
				CLANG_WARN_NON_LITERAL_NULL_CONVERSION = YES;
				CLANG_WARN_OBJC_IMPLICIT_RETAIN_SELF = YES;
				CLANG_WARN_OBJC_LITERAL_CONVERSION = YES;
				CLANG_WARN_OBJC_ROOT_CLASS = YES_ERROR;
				CLANG_WARN_RANGE_LOOP_ANALYSIS = YES;
				CLANG_WARN_STRICT_PROTOTYPES = YES;
				CLANG_WARN_SUSPICIOUS_MOVE = YES;
				CLANG_WARN_UNGUARDED_AVAILABILITY = YES_AGGRESSIVE;
				CLANG_WARN_UNREACHABLE_CODE = YES;
				CLANG_WARN__DUPLICATE_METHOD_MATCH = YES;
				CODE_SIGN_IDENTITY = "iPhone Developer";
				COPY_PHASE_STRIP = NO;
				DEBUG_INFORMATION_FORMAT = dwarf;
				ENABLE_STRICT_OBJC_MSGSEND = YES;
				ENABLE_TESTABILITY = YES;
				GCC_C_LANGUAGE_STANDARD = gnu11;
				GCC_DYNAMIC_NO_PIC = NO;
				GCC_NO_COMMON_BLOCKS = YES;
				GCC_OPTIMIZATION_LEVEL = 0;
				GCC_PREPROCESSOR_DEFINITIONS = (
					"DEBUG=1",
					"$(inherited)",
				);
				GCC_WARN_64_TO_32_BIT_CONVERSION = YES;
				GCC_WARN_ABOUT_RETURN_TYPE = YES_ERROR;
				GCC_WARN_UNDECLARED_SELECTOR = YES;
				GCC_WARN_UNINITIALIZED_AUTOS = YES_AGGRESSIVE;
				GCC_WARN_UNUSED_FUNCTION = YES;
				GCC_WARN_UNUSED_VARIABLE = YES;
				IPHONEOS_DEPLOYMENT_TARGET = 12.0;
				MTL_ENABLE_DEBUG_INFO = INCLUDE_SOURCE;
				MTL_FAST_MATH = YES;
				ONLY_ACTIVE_ARCH = YES;
				SDKROOT = iphoneos;
			};
			name = Debug;
		};
		115EF2FC21AF7AC5002AAFC4 /* Release */ = {
			isa = XCBuildConfiguration;
			buildSettings = {
				ALWAYS_SEARCH_USER_PATHS = NO;
				CLANG_ANALYZER_NONNULL = YES;
				CLANG_ANALYZER_NUMBER_OBJECT_CONVERSION = YES_AGGRESSIVE;
				CLANG_CXX_LANGUAGE_STANDARD = "gnu++14";
				CLANG_CXX_LIBRARY = "libc++";
				CLANG_ENABLE_MODULES = YES;
				CLANG_ENABLE_OBJC_ARC = YES;
				CLANG_ENABLE_OBJC_WEAK = YES;
				CLANG_WARN_BLOCK_CAPTURE_AUTORELEASING = YES;
				CLANG_WARN_BOOL_CONVERSION = YES;
				CLANG_WARN_COMMA = YES;
				CLANG_WARN_CONSTANT_CONVERSION = YES;
				CLANG_WARN_DEPRECATED_OBJC_IMPLEMENTATIONS = YES;
				CLANG_WARN_DIRECT_OBJC_ISA_USAGE = YES_ERROR;
				CLANG_WARN_DOCUMENTATION_COMMENTS = YES;
				CLANG_WARN_EMPTY_BODY = YES;
				CLANG_WARN_ENUM_CONVERSION = YES;
				CLANG_WARN_INFINITE_RECURSION = YES;
				CLANG_WARN_INT_CONVERSION = YES;
				CLANG_WARN_NON_LITERAL_NULL_CONVERSION = YES;
				CLANG_WARN_OBJC_IMPLICIT_RETAIN_SELF = YES;
				CLANG_WARN_OBJC_LITERAL_CONVERSION = YES;
				CLANG_WARN_OBJC_ROOT_CLASS = YES_ERROR;
				CLANG_WARN_RANGE_LOOP_ANALYSIS = YES;
				CLANG_WARN_STRICT_PROTOTYPES = YES;
				CLANG_WARN_SUSPICIOUS_MOVE = YES;
				CLANG_WARN_UNGUARDED_AVAILABILITY = YES_AGGRESSIVE;
				CLANG_WARN_UNREACHABLE_CODE = YES;
				CLANG_WARN__DUPLICATE_METHOD_MATCH = YES;
				CODE_SIGN_IDENTITY = "iPhone Developer";
				COPY_PHASE_STRIP = NO;
				DEBUG_INFORMATION_FORMAT = "dwarf-with-dsym";
				ENABLE_NS_ASSERTIONS = NO;
				ENABLE_STRICT_OBJC_MSGSEND = YES;
				GCC_C_LANGUAGE_STANDARD = gnu11;
				GCC_NO_COMMON_BLOCKS = YES;
				GCC_WARN_64_TO_32_BIT_CONVERSION = YES;
				GCC_WARN_ABOUT_RETURN_TYPE = YES_ERROR;
				GCC_WARN_UNDECLARED_SELECTOR = YES;
				GCC_WARN_UNINITIALIZED_AUTOS = YES_AGGRESSIVE;
				GCC_WARN_UNUSED_FUNCTION = YES;
				GCC_WARN_UNUSED_VARIABLE = YES;
				IPHONEOS_DEPLOYMENT_TARGET = 12.0;
				MTL_ENABLE_DEBUG_INFO = NO;
				MTL_FAST_MATH = YES;
				SDKROOT = iphoneos;
				VALIDATE_PRODUCT = YES;
			};
			name = Release;
		};
		115EF2FE21AF7AC5002AAFC4 /* Debug */ = {
			isa = XCBuildConfiguration;
			baseConfigurationReference = CD0221EF85380340EF7C91D5 /* Pods-FoldTableDemo.debug.xcconfig */;
			buildSettings = {
				ASSETCATALOG_COMPILER_APPICON_NAME = AppIcon;
				CODE_SIGN_STYLE = Automatic;
				DEVELOPMENT_TEAM = A4436LF79T;
				INFOPLIST_FILE = FoldTableDemo/Info.plist;
				IPHONEOS_DEPLOYMENT_TARGET = 12.0;
				LD_RUNPATH_SEARCH_PATHS = (
					"$(inherited)",
					"@executable_path/Frameworks",
				);
				PRODUCT_BUNDLE_IDENTIFIER = com.asap.FoldTableDemo;
				PRODUCT_NAME = "$(TARGET_NAME)";
				TARGETED_DEVICE_FAMILY = 1;
			};
			name = Debug;
		};
		115EF2FF21AF7AC5002AAFC4 /* Release */ = {
			isa = XCBuildConfiguration;
			baseConfigurationReference = 2148E2D2D08077B83D3A3142 /* Pods-FoldTableDemo.release.xcconfig */;
			buildSettings = {
				ASSETCATALOG_COMPILER_APPICON_NAME = AppIcon;
				CODE_SIGN_STYLE = Automatic;
				DEVELOPMENT_TEAM = A4436LF79T;
				INFOPLIST_FILE = FoldTableDemo/Info.plist;
				IPHONEOS_DEPLOYMENT_TARGET = 12.0;
				LD_RUNPATH_SEARCH_PATHS = (
					"$(inherited)",
					"@executable_path/Frameworks",
				);
				PRODUCT_BUNDLE_IDENTIFIER = com.asap.FoldTableDemo;
				PRODUCT_NAME = "$(TARGET_NAME)";
				TARGETED_DEVICE_FAMILY = 1;
			};
			name = Release;
		};
/* End XCBuildConfiguration section */

/* Begin XCConfigurationList section */
		115EF2E221AF7AC4002AAFC4 /* Build configuration list for PBXProject "FoldTableDemo" */ = {
			isa = XCConfigurationList;
			buildConfigurations = (
				115EF2FB21AF7AC5002AAFC4 /* Debug */,
				115EF2FC21AF7AC5002AAFC4 /* Release */,
			);
			defaultConfigurationIsVisible = 0;
			defaultConfigurationName = Release;
		};
		115EF2FD21AF7AC5002AAFC4 /* Build configuration list for PBXNativeTarget "FoldTableDemo" */ = {
			isa = XCConfigurationList;
			buildConfigurations = (
				115EF2FE21AF7AC5002AAFC4 /* Debug */,
				115EF2FF21AF7AC5002AAFC4 /* Release */,
			);
			defaultConfigurationIsVisible = 0;
			defaultConfigurationName = Release;
		};
/* End XCConfigurationList section */
	};
	rootObject = 115EF2DF21AF7AC4002AAFC4 /* Project object */;
}
